{
  "lockfile_version": "1",
  "packages": {
    "github:NixOS/nixpkgs/nixpkgs-unstable": {
      "last_modified": "2026-02-16T02:09:13Z",
      "resolved": "github:NixOS/nixpkgs/d1c15b7d5806069da59e819999d70e1cec0760bf?lastModified=1771207753"
    },
    "jq@latest": {
      "last_modified": "2026-02-15T17:45:47Z",
      "resolved": "github:NixOS/nixpkgs/ac055f38c798b0d87695240c7b761b82fc7e5bc2#jq",
      "source": "devbox-search",
      "version": "1.8.1",
      "systems": {
        "aarch64-darwin": {
          "outputs": [
            {
              "name": "bin",
              "path": "/nix/store/qjs0qndyz1g97rsc1zp4cd692y5iph64-jq-1.8.1-bin",
              "default": true
            },
            {
              "name": "man",
              "path": "/nix/store/jlpyybc7pdh4gk17dc266d6a1szm7dk6-jq-1.8.1-man",
              "default": true
            },
            {
              "name": "dev",
              "path": "/nix/store/bhryp10d5w5h9rsav5k9m9jb55z26bsl-jq-1.8.1-dev"
            },
            {
              "name": "doc",
              "path": "/nix/store/238sn0gg3i3i9v6kgx4g1k6b19frzy49-jq-1.8.1-doc"
            },
            {
              "name": "out",
              "path": "/nix/store/n64h0247s3674kry90l6kszx06zyrgfn-jq-1.8.1"
            }
          ],
          "store_path": "/nix/store/qjs0qndyz1g97rsc1zp4cd692y5iph64-jq-1.8.1-bin"
        },
        "aarch64-linux": {
          "outputs": [
            {
              "name": "bin",
              "path": "/nix/store/c1qm5fsn6qbl09xdjx649vifabypyywd-jq-1.8.1-bin",
              "default": true
            },
            {
              "name": "man",
              "path": "/nix/store/2pjwv0ab8nilrg1lvjazf9y9w6g6pk5y-jq-1.8.1-man",
              "default": true
            },
            {
              "name": "dev",
              "path": "/nix/store/2sy4y09ddbi64pbg4is078110z70jsdw-jq-1.8.1-dev"
            },
            {
              "name": "doc",
              "path": "/nix/store/vx81xggapqwdd2l64mmxrkbafih461jc-jq-1.8.1-doc"
            },
            {
              "name": "out",
              "path": "/nix/store/cfhajjz1k7gf31krbj18q9acb54xp5z9-jq-1.8.1"
            }
          ],
          "store_path": "/nix/store/c1qm5fsn6qbl09xdjx649vifabypyywd-jq-1.8.1-bin"
        },
        "x86_64-darwin": {
          "outputs": [
            {
              "name": "bin",
              "path": "/nix/store/51343hgchh7by4l8r1g244ma05ny3x0b-jq-1.8.1-bin",
              "default": true
            },
            {
              "name": "man",
              "path": "/nix/store/vx840ik1sj1h8fhqwa40aglvrgpa0r18-jq-1.8.1-man",
              "default": true
            },
            {
              "name": "out",
              "path": "/nix/store/bmg2xfw86wavg7fm062nyf6v48xzxh0j-jq-1.8.1"
            },
            {
              "name": "dev",
              "path": "/nix/store/pp2hrljvalrrwyxh7is69nnlmxb2m7lk-jq-1.8.1-dev"
            },
            {
              "name": "doc",
              "path": "/nix/store/h05xaf7fsasgp8cpyar2195cc8lbgih8-jq-1.8.1-doc"
            }
          ],
          "store_path": "/nix/store/51343hgchh7by4l8r1g244ma05ny3x0b-jq-1.8.1-bin"
        },
        "x86_64-linux": {
          "outputs": [
            {
              "name": "bin",
              "path": "/nix/store/qnaw7i777j52fpgbl5pgmzkq85znp083-jq-1.8.1-bin",
              "default": true
            },
            {
              "name": "man",
              "path": "/nix/store/6mh88qsh57ivh31c5nqxc43n0hv9xhbk-jq-1.8.1-man",
              "default": true
            },
            {
              "name": "dev",
              "path": "/nix/store/d73i1fvhrqms0sbfrvqaynsr8iva216v-jq-1.8.1-dev"
            },
            {
              "name": "doc",
              "path": "/nix/store/3ynrp4ypwv1g1jgsk638443p8lpd9g8f-jq-1.8.1-doc"
            },
            {
              "name": "out",
              "path": "/nix/store/fgsvqffyvcpjqs093wwf2d6dzxnmnqnv-jq-1.8.1"
            }
          ],
          "store_path": "/nix/store/qnaw7i777j52fpgbl5pgmzkq85znp083-jq-1.8.1-bin"
        }
      }
    },
    "terraform-docs@latest": {
      "last_modified": "2026-02-06T12:24:04Z",
      "resolved": "github:NixOS/nixpkgs/ae67888ff7ef9dff69b3cf0cc0fbfbcd3a722abe#terraform-docs",
      "source": "devbox-search",
      "version": "0.21.0",
      "systems": {
        "aarch64-darwin": {
          "outputs": [
            {
              "name": "out",
              "path": "/nix/store/5gnmnh4qxscb3vi61gvl15c24ll9sj2a-terraform-docs-0.21.0",
              "default": true
            }
          ],
          "store_path": "/nix/store/5gnmnh4qxscb3vi61gvl15c24ll9sj2a-terraform-docs-0.21.0"
        },
        "aarch64-linux": {
          "outputs": [
            {
              "name": "out",
              "path": "/nix/store/v213d54kvqiyk93bi4h9k5lijxnblnmg-terraform-docs-0.21.0",
              "default": true
            }
          ],
          "store_path": "/nix/store/v213d54kvqiyk93bi4h9k5lijxnblnmg-terraform-docs-0.21.0"
        },
        "x86_64-darwin": {
          "outputs": [
            {
              "name": "out",
              "path": "/nix/store/iqr4bxl80148dp1nygcnz6zjz8vnrbki-terraform-docs-0.21.0",
              "default": true
            }
          ],
          "store_path": "/nix/store/iqr4bxl80148dp1nygcnz6zjz8vnrbki-terraform-docs-0.21.0"
        },
        "x86_64-linux": {
          "outputs": [
            {
              "name": "out",
              "path": "/nix/store/pnc2s64627b82pk8w4m2jq14yw76yqb2-terraform-docs-0.21.0",
              "default": true
            }
          ],
          "store_path": "/nix/store/pnc2s64627b82pk8w4m2jq14yw76yqb2-terraform-docs-0.21.0"
        }
      }
    },
    "terraform@1.14.4": {
      "last_modified": "2026-01-30T02:32:49Z",
      "resolved": "github:NixOS/nixpkgs/6308c3b21396534d8aaeac46179c14c439a89b8a#terraform",
      "source": "devbox-search",
      "version": "1.14.4",
      "systems": {
        "aarch64-darwin": {
          "outputs": [
            {
              "name": "out",
              "path": "/nix/store/y4q7lr5jkhdk3yzcv7xgyndszc8hm9sy-terraform-1.14.4",
              "default": true
            }
          ],
          "store_path": "/nix/store/y4q7lr5jkhdk3yzcv7xgyndszc8hm9sy-terraform-1.14.4"
        },
        "aarch64-linux": {
          "outputs": [
            {
              "name": "out",
              "path": "/nix/store/apv0hq2impwj1ik53zh9wx0mgvxfqxv7-terraform-1.14.4",
              "default": true
            }
          ],
          "store_path": "/nix/store/apv0hq2impwj1ik53zh9wx0mgvxfqxv7-terraform-1.14.4"
        },
        "x86_64-darwin": {
          "outputs": [
            {
              "name": "out",
              "path": "/nix/store/ljr2xvpqz7ac0n5bqk01qj3i6bpnkhgc-terraform-1.14.4",
              "default": true
            }
          ],
          "store_path": "/nix/store/ljr2xvpqz7ac0n5bqk01qj3i6bpnkhgc-terraform-1.14.4"
        },
        "x86_64-linux": {
          "outputs": [
            {
              "name": "out",
              "path": "/nix/store/9nw96rdpppxfy4qzw2xnplf39p7dpmsv-terraform-1.14.4",
              "default": true
            }
          ],
          "store_path": "/nix/store/9nw96rdpppxfy4qzw2xnplf39p7dpmsv-terraform-1.14.4"
        }
      }
    },
    "tflint@latest": {
      "last_modified": "2026-02-10T02:06:53Z",
      "resolved": "github:NixOS/nixpkgs/49d75834011c94a120a9cb874ac1c4d8b7bfc767#tflint",
      "source": "devbox-search",
      "version": "0.61.0",
      "systems": {
        "aarch64-darwin": {
          "outputs": [
            {
              "name": "out",
              "path": "/nix/store/fxk9mkvppn9k34v9g60ln7yh606mw7gr-tflint-0.61.0",
              "default": true
            }
          ],
          "store_path": "/nix/store/fxk9mkvppn9k34v9g60ln7yh606mw7gr-tflint-0.61.0"
        },
        "aarch64-linux": {
          "outputs": [
            {
              "name": "out",
              "path": "/nix/store/cm93h7qr6rjm0m33h5zf45maf8i2d7s9-tflint-0.61.0",
              "default": true
            }
          ],
          "store_path": "/nix/store/cm93h7qr6rjm0m33h5zf45maf8i2d7s9-tflint-0.61.0"
        },
        "x86_64-darwin": {
          "outputs": [
            {
              "name": "out",
              "path": "/nix/store/y068fsjs17hirwj3xcj97n12rfk3zn8p-tflint-0.61.0",
              "default": true
            }
          ],
          "store_path": "/nix/store/y068fsjs17hirwj3xcj97n12rfk3zn8p-tflint-0.61.0"
        },
        "x86_64-linux": {
          "outputs": [
            {
              "name": "out",
              "path": "/nix/store/6pbvy5n954ic7773sqapk0b28yhsgj9g-tflint-0.61.0",
              "default": true
            }
          ],
          "store_path": "/nix/store/6pbvy5n954ic7773sqapk0b28yhsgj9g-tflint-0.61.0"
        }
      }
    },
    "trivy@latest": {
      "last_modified": "2026-02-10T02:06:53Z",
      "resolved": "github:NixOS/nixpkgs/49d75834011c94a120a9cb874ac1c4d8b7bfc767#trivy",
      "source": "devbox-search",
      "version": "0.69.0",
      "systems": {
        "aarch64-darwin": {
          "outputs": [
            {
              "name": "out",
              "path": "/nix/store/8hrj523x89m8q2cbyq4h0hbpxgz8g7ci-trivy-0.69.0",
              "default": true
            }
          ],
          "store_path": "/nix/store/8hrj523x89m8q2cbyq4h0hbpxgz8g7ci-trivy-0.69.0"
        },
        "aarch64-linux": {
          "outputs": [
            {
              "name": "out",
              "path": "/nix/store/y64c2329d05qbwmddx2vaww96mw1akx0-trivy-0.69.0",
              "default": true
            }
          ],
          "store_path": "/nix/store/y64c2329d05qbwmddx2vaww96mw1akx0-trivy-0.69.0"
        },
        "x86_64-darwin": {
          "outputs": [
            {
              "name": "out",
              "path": "/nix/store/jdh4cc5lzbvz8yvk5l765bh5vxg6pxr1-trivy-0.69.0",
              "default": true
            }
          ],
          "store_path": "/nix/store/jdh4cc5lzbvz8yvk5l765bh5vxg6pxr1-trivy-0.69.0"
        },
        "x86_64-linux": {
          "outputs": [
            {
              "name": "out",
              "path": "/nix/store/z2376i7al0d81dmkbhlfcl7dvbbnbs1i-trivy-0.69.0",
              "default": true
            }
          ],
          "store_path": "/nix/store/z2376i7al0d81dmkbhlfcl7dvbbnbs1i-trivy-0.69.0"
        }
      }
    }
  }
}
